// !$*UTF8*$!
{
	archiveVersion = 1;
	classes = {
	};
	objectVersion = 50;
	objects = {

/* Begin PBXBuildFile section */
		37A9C8ACD5E3916D007C73C0 /* libPods-ZipCodeFinder.a in Frameworks */ = {isa = PBXBuildFile; fileRef = 2B8EE1B284E8DE394DD8B851 /* libPods-ZipCodeFinder.a */; };
		7882AE4B278E1B4A003A51AA /* ZipCodeList.swift in Sources */ = {isa = PBXBuildFile; fileRef = 7882AE4A278E1B4A003A51AA /* ZipCodeList.swift */; };
		7882AEE8278F2D05003A51AA /* Constants.swift in Sources */ = {isa = PBXBuildFile; fileRef = 7882AEE7278F2D05003A51AA /* Constants.swift */; };
		7882AF17278F50B1003A51AA /* RootClass.swift in Sources */ = {isa = PBXBuildFile; fileRef = 7882AF16278F50B1003A51AA /* RootClass.swift */; };
		7882AF1B278F50E5003A51AA /* ZipCode.swift in Sources */ = {isa = PBXBuildFile; fileRef = 7882AF1A278F50E5003A51AA /* ZipCode.swift */; };
		78BBBEEE278E03950052D6DB /* AppDelegate.swift in Sources */ = {isa = PBXBuildFile; fileRef = 78BBBEED278E03950052D6DB /* AppDelegate.swift */; };
		78BBBEF0278E03950052D6DB /* SceneDelegate.swift in Sources */ = {isa = PBXBuildFile; fileRef = 78BBBEEF278E03950052D6DB /* SceneDelegate.swift */; };
		78BBBEF2278E03950052D6DB /* ViewController.swift in Sources */ = {isa = PBXBuildFile; fileRef = 78BBBEF1278E03950052D6DB /* ViewController.swift */; };
		78BBBEF5278E03950052D6DB /* Main.storyboard in Resources */ = {isa = PBXBuildFile; fileRef = 78BBBEF3278E03950052D6DB /* Main.storyboard */; };
		78BBBEF7278E03A30052D6DB /* Assets.xcassets in Resources */ = {isa = PBXBuildFile; fileRef = 78BBBEF6278E03A30052D6DB /* Assets.xcassets */; };
		78BBBEFA278E03A30052D6DB /* LaunchScreen.storyboard in Resources */ = {isa = PBXBuildFile; fileRef = 78BBBEF8278E03A30052D6DB /* LaunchScreen.storyboard */; };
/* End PBXBuildFile section */

/* Begin PBXFileReference section */
		2B8EE1B284E8DE394DD8B851 /* libPods-ZipCodeFinder.a */ = {isa = PBXFileReference; explicitFileType = archive.ar; includeInIndex = 0; path = "libPods-ZipCodeFinder.a"; sourceTree = BUILT_PRODUCTS_DIR; };
		7882AE4A278E1B4A003A51AA /* ZipCodeList.swift */ = {isa = PBXFileReference; lastKnownFileType = sourcecode.swift; path = ZipCodeList.swift; sourceTree = "<group>"; };
		7882AEE7278F2D05003A51AA /* Constants.swift */ = {isa = PBXFileReference; lastKnownFileType = sourcecode.swift; path = Constants.swift; sourceTree = "<group>"; };
		7882AF16278F50B1003A51AA /* RootClass.swift */ = {isa = PBXFileReference; lastKnownFileType = sourcecode.swift; path = RootClass.swift; sourceTree = "<group>"; };
		7882AF1A278F50E5003A51AA /* ZipCode.swift */ = {isa = PBXFileReference; lastKnownFileType = sourcecode.swift; path = ZipCode.swift; sourceTree = "<group>"; };
		78BBBEEA278E03950052D6DB /* ZipCodeFinder.app */ = {isa = PBXFileReference; explicitFileType = wrapper.application; includeInIndex = 0; path = ZipCodeFinder.app; sourceTree = BUILT_PRODUCTS_DIR; };
		78BBBEED278E03950052D6DB /* AppDelegate.swift */ = {isa = PBXFileReference; lastKnownFileType = sourcecode.swift; path = AppDelegate.swift; sourceTree = "<group>"; };
		78BBBEEF278E03950052D6DB /* SceneDelegate.swift */ = {isa = PBXFileReference; lastKnownFileType = sourcecode.swift; path = SceneDelegate.swift; sourceTree = "<group>"; };
		78BBBEF1278E03950052D6DB /* ViewController.swift */ = {isa = PBXFileReference; lastKnownFileType = sourcecode.swift; path = ViewController.swift; sourceTree = "<group>"; };
		78BBBEF4278E03950052D6DB /* Base */ = {isa = PBXFileReference; lastKnownFileType = file.storyboard; name = Base; path = Base.lproj/Main.storyboard; sourceTree = "<group>"; };
		78BBBEF6278E03A30052D6DB /* Assets.xcassets */ = {isa = PBXFileReference; lastKnownFileType = folder.assetcatalog; path = Assets.xcassets; sourceTree = "<group>"; };
		78BBBEF9278E03A30052D6DB /* Base */ = {isa = PBXFileReference; lastKnownFileType = file.storyboard; name = Base; path = Base.lproj/LaunchScreen.storyboard; sourceTree = "<group>"; };
		78BBBEFB278E03A30052D6DB /* Info.plist */ = {isa = PBXFileReference; lastKnownFileType = text.plist.xml; path = Info.plist; sourceTree = "<group>"; };
		79CB22E023381440E05F2505 /* Pods-ZipCodeFinder.release.xcconfig */ = {isa = PBXFileReference; includeInIndex = 1; lastKnownFileType = text.xcconfig; name = "Pods-ZipCodeFinder.release.xcconfig"; path = "Target Support Files/Pods-ZipCodeFinder/Pods-ZipCodeFinder.release.xcconfig"; sourceTree = "<group>"; };
		85BDD9ACCD237EEA987B98AA /* Pods-ZipCodeFinder.debug.xcconfig */ = {isa = PBXFileReference; includeInIndex = 1; lastKnownFileType = text.xcconfig; name = "Pods-ZipCodeFinder.debug.xcconfig"; path = "Target Support Files/Pods-ZipCodeFinder/Pods-ZipCodeFinder.debug.xcconfig"; sourceTree = "<group>"; };
/* End PBXFileReference section */

/* Begin PBXFrameworksBuildPhase section */
		78BBBEE7278E03950052D6DB /* Frameworks */ = {
			isa = PBXFrameworksBuildPhase;
			buildActionMask = 2147483647;
			files = (
				37A9C8ACD5E3916D007C73C0 /* libPods-ZipCodeFinder.a in Frameworks */,
			);
			runOnlyForDeploymentPostprocessing = 0;
		};
/* End PBXFrameworksBuildPhase section */

/* Begin PBXGroup section */
		166431ECB5A0818183817565 /* Pods */ = {
			isa = PBXGroup;
			children = (
				85BDD9ACCD237EEA987B98AA /* Pods-ZipCodeFinder.debug.xcconfig */,
				79CB22E023381440E05F2505 /* Pods-ZipCodeFinder.release.xcconfig */,
			);
			path = Pods;
			sourceTree = "<group>";
		};
		642DB9703DFB0344EE7F80BA /* Frameworks */ = {
			isa = PBXGroup;
			children = (
				2B8EE1B284E8DE394DD8B851 /* libPods-ZipCodeFinder.a */,
			);
			name = Frameworks;
			sourceTree = "<group>";
		};
		7882AF0F278F4F5D003A51AA /* model */ = {
			isa = PBXGroup;
			children = (
			);
			path = model;
			sourceTree = "<group>";
		};
		7882AF14278F5069003A51AA /* util */ = {
			isa = PBXGroup;
			children = (
				7882AF16278F50B1003A51AA /* RootClass.swift */,
				7882AF1A278F50E5003A51AA /* ZipCode.swift */,
			);
			path = util;
			sourceTree = "<group>";
		};
		78BBBEE1278E03950052D6DB = {
			isa = PBXGroup;
			children = (
				78BBBEEC278E03950052D6DB /* ZipCodeFinder */,
				78BBBEEB278E03950052D6DB /* Products */,
				166431ECB5A0818183817565 /* Pods */,
				642DB9703DFB0344EE7F80BA /* Frameworks */,
			);
			sourceTree = "<group>";
		};
		78BBBEEB278E03950052D6DB /* Products */ = {
			isa = PBXGroup;
			children = (
				78BBBEEA278E03950052D6DB /* ZipCodeFinder.app */,
			);
			name = Products;
			sourceTree = "<group>";
		};
		78BBBEEC278E03950052D6DB /* ZipCodeFinder */ = {
			isa = PBXGroup;
			children = (
				7882AF14278F5069003A51AA /* util */,
				7882AF0F278F4F5D003A51AA /* model */,
				78BBBEED278E03950052D6DB /* AppDelegate.swift */,
				78BBBEEF278E03950052D6DB /* SceneDelegate.swift */,
				78BBBEF1278E03950052D6DB /* ViewController.swift */,
				78BBBEF3278E03950052D6DB /* Main.storyboard */,
				7882AE4A278E1B4A003A51AA /* ZipCodeList.swift */,
				78BBBEF6278E03A30052D6DB /* Assets.xcassets */,
				78BBBEF8278E03A30052D6DB /* LaunchScreen.storyboard */,
				78BBBEFB278E03A30052D6DB /* Info.plist */,
				7882AEE7278F2D05003A51AA /* Constants.swift */,
			);
			path = ZipCodeFinder;
			sourceTree = "<group>";
		};
/* End PBXGroup section */

/* Begin PBXNativeTarget section */
		78BBBEE9278E03950052D6DB /* ZipCodeFinder */ = {
			isa = PBXNativeTarget;
			buildConfigurationList = 78BBBEFE278E03A30052D6DB /* Build configuration list for PBXNativeTarget "ZipCodeFinder" */;
			buildPhases = (
				10FD1742ECDE92361BA2E728 /* [CP] Check Pods Manifest.lock */,
				78BBBEE6278E03950052D6DB /* Sources */,
				78BBBEE7278E03950052D6DB /* Frameworks */,
				78BBBEE8278E03950052D6DB /* Resources */,
			);
			buildRules = (
			);
			dependencies = (
			);
			name = ZipCodeFinder;
			productName = ZipCodeFinder;
			productReference = 78BBBEEA278E03950052D6DB /* ZipCodeFinder.app */;
			productType = "com.apple.product-type.application";
		};
/* End PBXNativeTarget section */

/* Begin PBXProject section */
		78BBBEE2278E03950052D6DB /* Project object */ = {
			isa = PBXProject;
			attributes = {
				LastSwiftUpdateCheck = 1240;
				LastUpgradeCheck = 1240;
				TargetAttributes = {
					78BBBEE9278E03950052D6DB = {
						CreatedOnToolsVersion = 12.4;
					};
				};
			};
			buildConfigurationList = 78BBBEE5278E03950052D6DB /* Build configuration list for PBXProject "ZipCodeFinder" */;
			compatibilityVersion = "Xcode 9.3";
			developmentRegion = en;
			hasScannedForEncodings = 0;
			knownRegions = (
				en,
				Base,
			);
			mainGroup = 78BBBEE1278E03950052D6DB;
			productRefGroup = 78BBBEEB278E03950052D6DB /* Products */;
			projectDirPath = "";
			projectRoot = "";
			targets = (
				78BBBEE9278E03950052D6DB /* ZipCodeFinder */,
			);
		};
/* End PBXProject section */

/* Begin PBXResourcesBuildPhase section */
		78BBBEE8278E03950052D6DB /* Resources */ = {
			isa = PBXResourcesBuildPhase;
			buildActionMask = 2147483647;
			files = (
				78BBBEFA278E03A30052D6DB /* LaunchScreen.storyboard in Resources */,
				78BBBEF7278E03A30052D6DB /* Assets.xcassets in Resources */,
				78BBBEF5278E03950052D6DB /* Main.storyboard in Resources */,
			);
			runOnlyForDeploymentPostprocessing = 0;
		};
/* End PBXResourcesBuildPhase section */

/* Begin PBXShellScriptBuildPhase section */
		10FD1742ECDE92361BA2E728 /* [CP] Check Pods Manifest.lock */ = {
			isa = PBXShellScriptBuildPhase;
			buildActionMask = 2147483647;
			files = (
			);
			inputFileListPaths = (
			);
			inputPaths = (
				"${PODS_PODFILE_DIR_PATH}/Podfile.lock",
				"${PODS_ROOT}/Manifest.lock",
			);
			name = "[CP] Check Pods Manifest.lock";
			outputFileListPaths = (
			);
			outputPaths = (
				"$(DERIVED_FILE_DIR)/Pods-ZipCodeFinder-checkManifestLockResult.txt",
			);
			runOnlyForDeploymentPostprocessing = 0;
			shellPath = /bin/sh;
			shellScript = "diff \"${PODS_PODFILE_DIR_PATH}/Podfile.lock\" \"${PODS_ROOT}/Manifest.lock\" > /dev/null\nif [ $? != 0 ] ; then\n    # print error to STDERR\n    echo \"error: The sandbox is not in sync with the Podfile.lock. Run 'pod install' or update your CocoaPods installation.\" >&2\n    exit 1\nfi\n# This output is used by Xcode 'outputs' to avoid re-running this script phase.\necho \"SUCCESS\" > \"${SCRIPT_OUTPUT_FILE_0}\"\n";
			showEnvVarsInLog = 0;
		};
/* End PBXShellScriptBuildPhase section */

/* Begin PBXSourcesBuildPhase section */
		78BBBEE6278E03950052D6DB /* Sources */ = {
			isa = PBXSourcesBuildPhase;
			buildActionMask = 2147483647;
			files = (
				78BBBEF2278E03950052D6DB /* ViewController.swift in Sources */,
				78BBBEEE278E03950052D6DB /* AppDelegate.swift in Sources */,
				7882AE4B278E1B4A003A51AA /* ZipCodeList.swift in Sources */,
				78BBBEF0278E03950052D6DB /* SceneDelegate.swift in Sources */,
				7882AF17278F50B1003A51AA /* RootClass.swift in Sources */,
				7882AF1B278F50E5003A51AA /* ZipCode.swift in Sources */,
				7882AEE8278F2D05003A51AA /* Constants.swift in Sources */,
			);
			runOnlyForDeploymentPostprocessing = 0;
		};
/* End PBXSourcesBuildPhase section */

/* Begin PBXVariantGroup section */
		78BBBEF3278E03950052D6DB /* Main.storyboard */ = {
			isa = PBXVariantGroup;
			children = (
				78BBBEF4278E03950052D6DB /* Base */,
			);
			name = Main.storyboard;
			sourceTree = "<group>";
		};
		78BBBEF8278E03A30052D6DB /* LaunchScreen.storyboard */ = {
			isa = PBXVariantGroup;
			children = (
				78BBBEF9278E03A30052D6DB /* Base */,
			);
			name = LaunchScreen.storyboard;
			sourceTree = "<group>";
		};
/* End PBXVariantGroup section */

/* Begin XCBuildConfiguration section */
		78BBBEFC278E03A30052D6DB /* Debug */ = {
			isa = XCBuildConfiguration;
			buildSettings = {
				ALWAYS_SEARCH_USER_PATHS = NO;
				CLANG_ANALYZER_NONNULL = YES;
				CLANG_ANALYZER_NUMBER_OBJECT_CONVERSION = YES_AGGRESSIVE;
				CLANG_CXX_LANGUAGE_STANDARD = "gnu++14";
				CLANG_CXX_LIBRARY = "libc++";
				CLANG_ENABLE_MODULES = YES;
				CLANG_ENABLE_OBJC_ARC = YES;
				CLANG_ENABLE_OBJC_WEAK = YES;
				CLANG_WARN_BLOCK_CAPTURE_AUTORELEASING = YES;
				CLANG_WARN_BOOL_CONVERSION = YES;
				CLANG_WARN_COMMA = YES;
				CLANG_WARN_CONSTANT_CONVERSION = YES;
				CLANG_WARN_DEPRECATED_OBJC_IMPLEMENTATIONS = YES;
				CLANG_WARN_DIRECT_OBJC_ISA_USAGE = YES_ERROR;
				CLANG_WARN_DOCUMENTATION_COMMENTS = YES;
				CLANG_WARN_EMPTY_BODY = YES;
				CLANG_WARN_ENUM_CONVERSION = YES;
				CLANG_WARN_INFINITE_RECURSION = YES;
				CLANG_WARN_INT_CONVERSION = YES;
				CLANG_WARN_NON_LITERAL_NULL_CONVERSION = YES;
				CLANG_WARN_OBJC_IMPLICIT_RETAIN_SELF = YES;
				CLANG_WARN_OBJC_LITERAL_CONVERSION = YES;
				CLANG_WARN_OBJC_ROOT_CLASS = YES_ERROR;
				CLANG_WARN_QUOTED_INCLUDE_IN_FRAMEWORK_HEADER = YES;
				CLANG_WARN_RANGE_LOOP_ANALYSIS = YES;
				CLANG_WARN_STRICT_PROTOTYPES = YES;
				CLANG_WARN_SUSPICIOUS_MOVE = YES;
				CLANG_WARN_UNGUARDED_AVAILABILITY = YES_AGGRESSIVE;
				CLANG_WARN_UNREACHABLE_CODE = YES;
				CLANG_WARN__DUPLICATE_METHOD_MATCH = YES;
				COPY_PHASE_STRIP = NO;
				DEBUG_INFORMATION_FORMAT = dwarf;
				ENABLE_STRICT_OBJC_MSGSEND = YES;
				ENABLE_TESTABILITY = YES;
				GCC_C_LANGUAGE_STANDARD = gnu11;
				GCC_DYNAMIC_NO_PIC = NO;
				GCC_NO_COMMON_BLOCKS = YES;
				GCC_OPTIMIZATION_LEVEL = 0;
				GCC_PREPROCESSOR_DEFINITIONS = (
					"DEBUG=1",
					"$(inherited)",
				);
				GCC_WARN_64_TO_32_BIT_CONVERSION = YES;
				GCC_WARN_ABOUT_RETURN_TYPE = YES_ERROR;
				GCC_WARN_UNDECLARED_SELECTOR = YES;
				GCC_WARN_UNINITIALIZED_AUTOS = YES_AGGRESSIVE;
				GCC_WARN_UNUSED_FUNCTION = YES;
				GCC_WARN_UNUSED_VARIABLE = YES;
				IPHONEOS_DEPLOYMENT_TARGET = 14.4;
				MTL_ENABLE_DEBUG_INFO = INCLUDE_SOURCE;
				MTL_FAST_MATH = YES;
				ONLY_ACTIVE_ARCH = YES;
				SDKROOT = iphoneos;
				SWIFT_ACTIVE_COMPILATION_CONDITIONS = DEBUG;
				SWIFT_OPTIMIZATION_LEVEL = "-Onone";
			};
			name = Debug;
		};
		78BBBEFD278E03A30052D6DB /* Release */ = {
			isa = XCBuildConfiguration;
			buildSettings = {
				ALWAYS_SEARCH_USER_PATHS = NO;
				CLANG_ANALYZER_NONNULL = YES;
				CLANG_ANALYZER_NUMBER_OBJECT_CONVERSION = YES_AGGRESSIVE;
				CLANG_CXX_LANGUAGE_STANDARD = "gnu++14";
				CLANG_CXX_LIBRARY = "libc++";
				CLANG_ENABLE_MODULES = YES;
				CLANG_ENABLE_OBJC_ARC = YES;
				CLANG_ENABLE_OBJC_WEAK = YES;
				CLANG_WARN_BLOCK_CAPTURE_AUTORELEASING = YES;
				CLANG_WARN_BOOL_CONVERSION = YES;
				CLANG_WARN_COMMA = YES;
				CLANG_WARN_CONSTANT_CONVERSION = YES;
				CLANG_WARN_DEPRECATED_OBJC_IMPLEMENTATIONS = YES;
				CLANG_WARN_DIRECT_OBJC_ISA_USAGE = YES_ERROR;
				CLANG_WARN_DOCUMENTATION_COMMENTS = YES;
				CLANG_WARN_EMPTY_BODY = YES;
				CLANG_WARN_ENUM_CONVERSION = YES;
				CLANG_WARN_INFINITE_RECURSION = YES;
				CLANG_WARN_INT_CONVERSION = YES;
				CLANG_WARN_NON_LITERAL_NULL_CONVERSION = YES;
				CLANG_WARN_OBJC_IMPLICIT_RETAIN_SELF = YES;
				CLANG_WARN_OBJC_LITERAL_CONVERSION = YES;
				CLANG_WARN_OBJC_ROOT_CLASS = YES_ERROR;
				CLANG_WARN_QUOTED_INCLUDE_IN_FRAMEWORK_HEADER = YES;
				CLANG_WARN_RANGE_LOOP_ANALYSIS = YES;
				CLANG_WARN_STRICT_PROTOTYPES = YES;
				CLANG_WARN_SUSPICIOUS_MOVE = YES;
				CLANG_WARN_UNGUARDED_AVAILABILITY = YES_AGGRESSIVE;
				CLANG_WARN_UNREACHABLE_CODE = YES;
				CLANG_WARN__DUPLICATE_METHOD_MATCH = YES;
				COPY_PHASE_STRIP = NO;
				DEBUG_INFORMATION_FORMAT = "dwarf-with-dsym";
				ENABLE_NS_ASSERTIONS = NO;
				ENABLE_STRICT_OBJC_MSGSEND = YES;
				GCC_C_LANGUAGE_STANDARD = gnu11;
				GCC_NO_COMMON_BLOCKS = YES;
				GCC_WARN_64_TO_32_BIT_CONVERSION = YES;
				GCC_WARN_ABOUT_RETURN_TYPE = YES_ERROR;
				GCC_WARN_UNDECLARED_SELECTOR = YES;
				GCC_WARN_UNINITIALIZED_AUTOS = YES_AGGRESSIVE;
				GCC_WARN_UNUSED_FUNCTION = YES;
				GCC_WARN_UNUSED_VARIABLE = YES;
				IPHONEOS_DEPLOYMENT_TARGET = 14.4;
				MTL_ENABLE_DEBUG_INFO = NO;
				MTL_FAST_MATH = YES;
				SDKROOT = iphoneos;
				SWIFT_COMPILATION_MODE = wholemodule;
				SWIFT_OPTIMIZATION_LEVEL = "-O";
				VALIDATE_PRODUCT = YES;
			};
			name = Release;
		};
		78BBBEFF278E03A30052D6DB /* Debug */ = {
			isa = XCBuildConfiguration;
			baseConfigurationReference = 85BDD9ACCD237EEA987B98AA /* Pods-ZipCodeFinder.debug.xcconfig */;
			buildSettings = {
				ASSETCATALOG_COMPILER_APPICON_NAME = AppIcon;
				ASSETCATALOG_COMPILER_GLOBAL_ACCENT_COLOR_NAME = AccentColor;
				CODE_SIGN_STYLE = Automatic;
				DEVELOPMENT_TEAM = 3TPGBVLVK3;
				INFOPLIST_FILE = ZipCodeFinder/Info.plist;
				LD_RUNPATH_SEARCH_PATHS = (
					"$(inherited)",
					"@executable_path/Frameworks",
				);
				PRODUCT_BUNDLE_IDENTIFIER = com.example.ZipCodeFinder;
				PRODUCT_NAME = "$(TARGET_NAME)";
				SWIFT_VERSION = 5.0;
				TARGETED_DEVICE_FAMILY = "1,2";
			};
			name = Debug;
		};
		78BBBF00278E03A30052D6DB /* Release */ = {
			isa = XCBuildConfiguration;
			baseConfigurationReference = 79CB22E023381440E05F2505 /* Pods-ZipCodeFinder.release.xcconfig */;
			buildSettings = {
				ASSETCATALOG_COMPILER_APPICON_NAME = AppIcon;
				ASSETCATALOG_COMPILER_GLOBAL_ACCENT_COLOR_NAME = AccentColor;
				CODE_SIGN_STYLE = Automatic;
				DEVELOPMENT_TEAM = 3TPGBVLVK3;
				INFOPLIST_FILE = ZipCodeFinder/Info.plist;
				LD_RUNPATH_SEARCH_PATHS = (
					"$(inherited)",
					"@executable_path/Frameworks",
				);
				PRODUCT_BUNDLE_IDENTIFIER = com.example.ZipCodeFinder;
				PRODUCT_NAME = "$(TARGET_NAME)";
				SWIFT_VERSION = 5.0;
				TARGETED_DEVICE_FAMILY = "1,2";
			};
			name = Release;
		};
/* End XCBuildConfiguration section */

/* Begin XCConfigurationList section */
		78BBBEE5278E03950052D6DB /* Build configuration list for PBXProject "ZipCodeFinder" */ = {
			isa = XCConfigurationList;
			buildConfigurations = (
				78BBBEFC278E03A30052D6DB /* Debug */,
				78BBBEFD278E03A30052D6DB /* Release */,
			);
			defaultConfigurationIsVisible = 0;
			defaultConfigurationName = Release;
		};
		78BBBEFE278E03A30052D6DB /* Build configuration list for PBXNativeTarget "ZipCodeFinder" */ = {
			isa = XCConfigurationList;
			buildConfigurations = (
				78BBBEFF278E03A30052D6DB /* Debug */,
				78BBBF00278E03A30052D6DB /* Release */,
			);
			defaultConfigurationIsVisible = 0;
			defaultConfigurationName = Release;
		};
/* End XCConfigurationList section */
	};
	rootObject = 78BBBEE2278E03950052D6DB /* Project object */;
}
